
Microsoft Visual Studio Solution File, Format Version 12.00
# Visual Studio 14
VisualStudioVersion = 14.0.25420.1
MinimumVisualStudioVersion = 10.0.40219.1
Project("{8BC9CEB8-8B4A-11D0-8D11-00A0C91BC942}") = "DLL_ASM", "ASMDLL\ASMDLL.vcxproj", "{22D92544-053E-4DD5-A131-2D7C30CC03DE}"
EndProject
Project("{FAE04EC0-301F-11D3-BF4B-00C04F79EFBC}") = "MAIN", "MAIN_PROGRAM\MAIN.csproj", "{0008BF00-97C9-49C6-BD5C-9D0397ABF2EE}"
EndProject
Project("{8BC9CEB8-8B4A-11D0-8D11-00A0C91BC942}") = "DLL_C", "DLL_C\DLL_C.vcxproj", "{D69BCAD1-661F-498B-8F15-E88E8A9512E6}"
EndProject
Global
	GlobalSection(SolutionConfigurationPlatforms) = preSolution
		Debug|Any CPU = Debug|Any CPU
		Debug|x64 = Debug|x64
		Debug|x86 = Debug|x86
		Release|Any CPU = Release|Any CPU
		Release|x64 = Release|x64
		Release|x86 = Release|x86
	EndGlobalSection
	GlobalSection(ProjectConfigurationPlatforms) = postSolution
		{22D92544-053E-4DD5-A131-2D7C30CC03DE}.Debug|Any CPU.ActiveCfg = Debug|x64
		{22D92544-053E-4DD5-A131-2D7C30CC03DE}.Debug|x64.ActiveCfg = Debug|x64
		{22D92544-053E-4DD5-A131-2D7C30CC03DE}.Debug|x64.Build.0 = Debug|x64
		{22D92544-053E-4DD5-A131-2D7C30CC03DE}.Debug|x86.ActiveCfg = Debug|Win32
		{22D92544-053E-4DD5-A131-2D7C30CC03DE}.Debug|x86.Build.0 = Debug|Win32
		{22D92544-053E-4DD5-A131-2D7C30CC03DE}.Release|Any CPU.ActiveCfg = Release|Win32
		{22D92544-053E-4DD5-A131-2D7C30CC03DE}.Release|x64.ActiveCfg = Release|x64
		{22D92544-053E-4DD5-A131-2D7C30CC03DE}.Release|x64.Build.0 = Release|x64
		{22D92544-053E-4DD5-A131-2D7C30CC03DE}.Release|x86.ActiveCfg = Release|Win32
		{22D92544-053E-4DD5-A131-2D7C30CC03DE}.Release|x86.Build.0 = Release|Win32
		{0008BF00-97C9-49C6-BD5C-9D0397ABF2EE}.Debug|Any CPU.ActiveCfg = Debug|Any CPU
		{0008BF00-97C9-49C6-BD5C-9D0397ABF2EE}.Debug|Any CPU.Build.0 = Debug|Any CPU
		{0008BF00-97C9-49C6-BD5C-9D0397ABF2EE}.Debug|x64.ActiveCfg = Debug|Any CPU
		{0008BF00-97C9-49C6-BD5C-9D0397ABF2EE}.Debug|x64.Build.0 = Debug|Any CPU
		{0008BF00-97C9-49C6-BD5C-9D0397ABF2EE}.Debug|x86.ActiveCfg = Debug|Any CPU
		{0008BF00-97C9-49C6-BD5C-9D0397ABF2EE}.Debug|x86.Build.0 = Debug|Any CPU
		{0008BF00-97C9-49C6-BD5C-9D0397ABF2EE}.Release|Any CPU.ActiveCfg = Release|Any CPU
		{0008BF00-97C9-49C6-BD5C-9D0397ABF2EE}.Release|Any CPU.Build.0 = Release|Any CPU
		{0008BF00-97C9-49C6-BD5C-9D0397ABF2EE}.Release|x64.ActiveCfg = Release|Any CPU
		{0008BF00-97C9-49C6-BD5C-9D0397ABF2EE}.Release|x64.Build.0 = Release|Any CPU
		{0008BF00-97C9-49C6-BD5C-9D0397ABF2EE}.Release|x86.ActiveCfg = Release|Any CPU
		{0008BF00-97C9-49C6-BD5C-9D0397ABF2EE}.Release|x86.Build.0 = Release|Any CPU
		{D69BCAD1-661F-498B-8F15-E88E8A9512E6}.Debug|Any CPU.ActiveCfg = Debug|Win32
		{D69BCAD1-661F-498B-8F15-E88E8A9512E6}.Debug|x64.ActiveCfg = Debug|x64
		{D69BCAD1-661F-498B-8F15-E88E8A9512E6}.Debug|x64.Build.0 = Debug|x64
		{D69BCAD1-661F-498B-8F15-E88E8A9512E6}.Debug|x86.ActiveCfg = Debug|Win32
		{D69BCAD1-661F-498B-8F15-E88E8A9512E6}.Debug|x86.Build.0 = Debug|Win32
		{D69BCAD1-661F-498B-8F15-E88E8A9512E6}.Release|Any CPU.ActiveCfg = Release|Win32
		{D69BCAD1-661F-498B-8F15-E88E8A9512E6}.Release|x64.ActiveCfg = Release|x64
		{D69BCAD1-661F-498B-8F15-E88E8A9512E6}.Release|x64.Build.0 = Release|x64
		{D69BCAD1-661F-498B-8F15-E88E8A9512E6}.Release|x86.ActiveCfg = Release|Win32
		{D69BCAD1-661F-498B-8F15-E88E8A9512E6}.Release|x86.Build.0 = Release|Win32
	EndGlobalSection
	GlobalSection(SolutionProperties) = preSolution
		HideSolutionNode = FALSE
	EndGlobalSection
EndGlobal
